
Microsoft Visual Studio Solution File, Format Version 12.00
# Visual Studio Version 17
VisualStudioVersion = 17.9.34723.18
MinimumVisualStudioVersion = 10.0.40219.1
Project("{FAE04EC0-301F-11D3-BF4B-00C04F79EFBC}") = "MyNotepad", "MyNotepad\MyNotepad.csproj", "{4D61B7B4-0D7E-4F01-87B5-242E80E822A6}"
EndProject
Global
	GlobalSection(SolutionConfigurationPlatforms) = preSolution
		Debug|Any CPU = Debug|Any CPU
		Release|Any CPU = Release|Any CPU
	EndGlobalSection
	GlobalSection(ProjectConfigurationPlatforms) = postSolution
		{4D61B7B4-0D7E-4F01-87B5-242E80E822A6}.Debug|Any CPU.ActiveCfg = Debug|Any CPU
		{4D61B7B4-0D7E-4F01-87B5-242E80E822A6}.Debug|Any CPU.Build.0 = Debug|Any CPU
		{4D61B7B4-0D7E-4F01-87B5-242E80E822A6}.Release|Any CPU.ActiveCfg = Release|Any CPU
		{4D61B7B4-0D7E-4F01-87B5-242E80E822A6}.Release|Any CPU.Build.0 = Release|Any CPU
	EndGlobalSection
	GlobalSection(SolutionProperties) = preSolution
		HideSolutionNode = FALSE
	EndGlobalSection
	GlobalSection(ExtensibilityGlobals) = postSolution
		SolutionGuid = {7F94FE92-38E9-4D16-89AD-9AFAB1E97099}
	EndGlobalSection
EndGlobal
